
Microsoft Visual Studio Solution File, Format Version 12.00
# Visual Studio Version 16
VisualStudioVersion = 16.0.29806.167
MinimumVisualStudioVersion = 10.0.40219.1
Project("{FAE04EC0-301F-11D3-BF4B-00C04F79EFBC}") = "MyAuth.Identity", "MyAuth.Identity\MyAuth.Identity.csproj", "{3B075AED-5470-4CC7-AF17-26C0F4EB70AB}"
EndProject
Global
	GlobalSection(SolutionConfigurationPlatforms) = preSolution
		Debug|Any CPU = Debug|Any CPU
		Release|Any CPU = Release|Any CPU
	EndGlobalSection
	GlobalSection(ProjectConfigurationPlatforms) = postSolution
		{3B075AED-5470-4CC7-AF17-26C0F4EB70AB}.Debug|Any CPU.ActiveCfg = Debug|Any CPU
		{3B075AED-5470-4CC7-AF17-26C0F4EB70AB}.Debug|Any CPU.Build.0 = Debug|Any CPU
		{3B075AED-5470-4CC7-AF17-26C0F4EB70AB}.Release|Any CPU.ActiveCfg = Release|Any CPU
		{3B075AED-5470-4CC7-AF17-26C0F4EB70AB}.Release|Any CPU.Build.0 = Release|Any CPU
	EndGlobalSection
	GlobalSection(SolutionProperties) = preSolution
		HideSolutionNode = FALSE
	EndGlobalSection
	GlobalSection(ExtensibilityGlobals) = postSolution
		SolutionGuid = {507AB62E-7386-4A02-9753-99C00391F180}
	EndGlobalSection
EndGlobal
